{
    "_readme": [
        "This file locks the dependencies of your project to a known state",
        "Read more about it at http://getcomposer.org/doc/01-basic-usage.md#composer-lock-the-lock-file",
        "This file is @generated automatically"
    ],
    "hash": "881145db31c37a040f319c0b6be0fb4c",
    "packages": [
        {
            "name": "pda/pheanstalk",
            "version": "dev-master",
            "source": {
                "type": "git",
                "url": "/Users/aaronpk/Code/Monocle/vendor/pda/pheanstalk/.git",
                "reference": "eb6407431e09ddc1fe99ce40f61ee8d0e622cd22"
            },
            "require": {
                "php": ">=5.3.0"
            },
            "require-dev": {
                "phpunit/phpunit": "~4.0"
            },
            "type": "library",
            "extra": {
                "branch-alias": {
                    "dev-master": "3.0-dev"
                }
            },
            "autoload": {
                "psr-4": {
                    "Pheanstalk\\": "src/"
                }
            },
            "license": [
                "MIT"
            ],
            "authors": [
                {
                    "name": "Paul Annesley",
                    "email": "paul@annesley.cc",
                    "homepage": "http://paul.annesley.cc/",
                    "role": "Developer"
                }
            ],
            "description": "PHP client for beanstalkd queue",
            "homepage": "https://github.com/pda/pheanstalk",
            "keywords": [
                "beanstalkd"
            ],
            "time": "2015-03-08 22:40:31"
        }
    ],
    "packages-dev": [],
    "aliases": [],
    "minimum-stability": "stable",
    "stability-flags": {
        "pda/pheanstalk": 20
    },
    "prefer-stable": false,
    "platform": {
        "php": ">5.4.0"
    },
    "platform-dev": []
}
